
Microsoft Visual Studio Solution File, Format Version 12.00
# Visual Studio Version 16
VisualStudioVersion = 16.0.30611.23
MinimumVisualStudioVersion = 10.0.40219.1
Project("{FAE04EC0-301F-11D3-BF4B-00C04F79EFBC}") = "miVacuna", "miVacuna\miVacuna.csproj", "{9FC043D0-BC1F-4114-8E1A-DF62C6CFCDD7}"
EndProject
Global
	GlobalSection(SolutionConfigurationPlatforms) = preSolution
		Debug|Any CPU = Debug|Any CPU
		Release|Any CPU = Release|Any CPU
	EndGlobalSection
	GlobalSection(ProjectConfigurationPlatforms) = postSolution
		{9FC043D0-BC1F-4114-8E1A-DF62C6CFCDD7}.Debug|Any CPU.ActiveCfg = Debug|Any CPU
		{9FC043D0-BC1F-4114-8E1A-DF62C6CFCDD7}.Debug|Any CPU.Build.0 = Debug|Any CPU
		{9FC043D0-BC1F-4114-8E1A-DF62C6CFCDD7}.Release|Any CPU.ActiveCfg = Release|Any CPU
		{9FC043D0-BC1F-4114-8E1A-DF62C6CFCDD7}.Release|Any CPU.Build.0 = Release|Any CPU
	EndGlobalSection
	GlobalSection(SolutionProperties) = preSolution
		HideSolutionNode = FALSE
	EndGlobalSection
	GlobalSection(ExtensibilityGlobals) = postSolution
		SolutionGuid = {9E39AEB7-27A1-4C0E-8D7C-929F740799FA}
	EndGlobalSection
EndGlobal
